
Microsoft Visual Studio Solution File, Format Version 12.00
# Visual Studio 15
VisualStudioVersion = 15.0.27004.2002
MinimumVisualStudioVersion = 10.0.40219.1
Project("{FAE04EC0-301F-11D3-BF4B-00C04F79EFBC}") = "CarModsHeaven.Web", "CarModsHeaven.Web\CarModsHeaven.Web.csproj", "{CB468B90-D5C1-4D9E-999B-E441C36E6490}"
EndProject
Project("{FAE04EC0-301F-11D3-BF4B-00C04F79EFBC}") = "CarModsHeaven.Data", "CarModsHeaven.Data\CarModsHeaven.Data.csproj", "{4C2DCC15-2580-4FD5-82E3-8DBD8D9454F3}"
EndProject
Project("{FAE04EC0-301F-11D3-BF4B-00C04F79EFBC}") = "CarModsHeaven.Data.Models", "CarModsHeaven.Data.Models\CarModsHeaven.Data.Models.csproj", "{97ED1931-6067-4703-BE95-1A66A1ADD614}"
EndProject
Project("{FAE04EC0-301F-11D3-BF4B-00C04F79EFBC}") = "CarModsHeaven.Services", "CarModsHeaven.Services\CarModsHeaven.Services.csproj", "{6B3D266F-F366-459D-B326-BC95728C083F}"
EndProject
Global
	GlobalSection(SolutionConfigurationPlatforms) = preSolution
		Debug|Any CPU = Debug|Any CPU
		Release|Any CPU = Release|Any CPU
	EndGlobalSection
	GlobalSection(ProjectConfigurationPlatforms) = postSolution
		{CB468B90-D5C1-4D9E-999B-E441C36E6490}.Debug|Any CPU.ActiveCfg = Debug|Any CPU
		{CB468B90-D5C1-4D9E-999B-E441C36E6490}.Debug|Any CPU.Build.0 = Debug|Any CPU
		{CB468B90-D5C1-4D9E-999B-E441C36E6490}.Release|Any CPU.ActiveCfg = Release|Any CPU
		{CB468B90-D5C1-4D9E-999B-E441C36E6490}.Release|Any CPU.Build.0 = Release|Any CPU
		{4C2DCC15-2580-4FD5-82E3-8DBD8D9454F3}.Debug|Any CPU.ActiveCfg = Debug|Any CPU
		{4C2DCC15-2580-4FD5-82E3-8DBD8D9454F3}.Debug|Any CPU.Build.0 = Debug|Any CPU
		{4C2DCC15-2580-4FD5-82E3-8DBD8D9454F3}.Release|Any CPU.ActiveCfg = Release|Any CPU
		{4C2DCC15-2580-4FD5-82E3-8DBD8D9454F3}.Release|Any CPU.Build.0 = Release|Any CPU
		{97ED1931-6067-4703-BE95-1A66A1ADD614}.Debug|Any CPU.ActiveCfg = Debug|Any CPU
		{97ED1931-6067-4703-BE95-1A66A1ADD614}.Debug|Any CPU.Build.0 = Debug|Any CPU
		{97ED1931-6067-4703-BE95-1A66A1ADD614}.Release|Any CPU.ActiveCfg = Release|Any CPU
		{97ED1931-6067-4703-BE95-1A66A1ADD614}.Release|Any CPU.Build.0 = Release|Any CPU
		{6B3D266F-F366-459D-B326-BC95728C083F}.Debug|Any CPU.ActiveCfg = Debug|Any CPU
		{6B3D266F-F366-459D-B326-BC95728C083F}.Debug|Any CPU.Build.0 = Debug|Any CPU
		{6B3D266F-F366-459D-B326-BC95728C083F}.Release|Any CPU.ActiveCfg = Release|Any CPU
		{6B3D266F-F366-459D-B326-BC95728C083F}.Release|Any CPU.Build.0 = Release|Any CPU
	EndGlobalSection
	GlobalSection(SolutionProperties) = preSolution
		HideSolutionNode = FALSE
	EndGlobalSection
	GlobalSection(ExtensibilityGlobals) = postSolution
		SolutionGuid = {8DEDEA8E-3A98-457B-83C0-BB69D744B16F}
	EndGlobalSection
EndGlobal
